
Microsoft Visual Studio Solution File, Format Version 12.00
# Visual Studio Version 16
VisualStudioVersion = 16.0.31105.61
MinimumVisualStudioVersion = 10.0.40219.1
Project("{FAE04EC0-301F-11D3-BF4B-00C04F79EFBC}") = "DCSS_8536_API", "DCSS_8536_API\DCSS_8536_API.csproj", "{56E42B30-71F5-4B7B-B6B1-1DF34C3ABE13}"
EndProject
Global
	GlobalSection(SolutionConfigurationPlatforms) = preSolution
		Debug|Any CPU = Debug|Any CPU
		Release|Any CPU = Release|Any CPU
	EndGlobalSection
	GlobalSection(ProjectConfigurationPlatforms) = postSolution
		{56E42B30-71F5-4B7B-B6B1-1DF34C3ABE13}.Debug|Any CPU.ActiveCfg = Debug|Any CPU
		{56E42B30-71F5-4B7B-B6B1-1DF34C3ABE13}.Debug|Any CPU.Build.0 = Debug|Any CPU
		{56E42B30-71F5-4B7B-B6B1-1DF34C3ABE13}.Release|Any CPU.ActiveCfg = Release|Any CPU
		{56E42B30-71F5-4B7B-B6B1-1DF34C3ABE13}.Release|Any CPU.Build.0 = Release|Any CPU
	EndGlobalSection
	GlobalSection(SolutionProperties) = preSolution
		HideSolutionNode = FALSE
	EndGlobalSection
	GlobalSection(ExtensibilityGlobals) = postSolution
		SolutionGuid = {8187373C-0966-4577-91A8-091B780316E0}
	EndGlobalSection
EndGlobal
